github.com/monitoringartist/go-zabbix v0.0.0-20191014224040-0d685ce6445e h1:W7dp9u6cPuyPb2amoPA99/DJdjtR4NQPiR4up4Jscwo=
github.com/monitoringartist/go-zabbix v0.0.0-20191018220505-ac0a4cbe80ef h1:pHMsJAFJAici9tcSygYSRqM6fsHfthU2BTdeLcsuU7s=
github.com/monitoringartist/go-zabbix v0.0.0-20191018220505-ac0a4cbe80ef/go.mod h1:X2Kk13Bijtzy1RPL747W5LTNnw97L5KeOIXI9b/zibY=
github.com/monitoringartist/go-zabbix/v40 v40.0.0 h1:npjs/6dZxfvhk7o+ogZsj+QtLY0ZDko6uN41Gu9S574=
github.com/monitoringartist/go-zabbix/v40 v40.0.0/go.mod h1:twZFwqk8nN20o7K9W/RkkHcwQjSjrSkhMY4pg3IaaWA=
github.com/monitoringartist/go-zabbix/v44 v44.0.0 h1:9zDBSE6eVZAY1kswLurepFfqeuHy6pD2rEQhGHM1QTk=
github.com/monitoringartist/go-zabbix/v44 v44.0.0/go.mod h1:q2MAJ8WkT9SSdSJaBgU3AEjUO9HwefX/J7JVZP/PjiQ=
github.com/monitoringartist/go-zabbix/v44 v44.0.1 h1:QblH5iEghiRlCj4baJJyAcwB9yJHk5nJAoJK1pWnX3I=
github.com/monitoringartist/go-zabbix/v44 v44.0.1/go.mod h1:q2MAJ8WkT9SSdSJaBgU3AEjUO9HwefX/J7JVZP/PjiQ=
github.com/monitoringartist/go-zabbix/v44 v44.0.2 h1:USGDA5YTNE7BSDsBD3pkc0xeb+HdqoQl9xWtKswzCGg=
github.com/monitoringartist/go-zabbix/v44 v44.0.2/go.mod h1:q2MAJ8WkT9SSdSJaBgU3AEjUO9HwefX/J7JVZP/PjiQ=
github.com/monitoringartist/go-zabbix/v44 v44.0.3 h1:4eNA/Ok/hLGS2bRnq1ehkVcz9G8p4JtiT8QujcLE6ug=
github.com/monitoringartist/go-zabbix/v44 v44.0.3/go.mod h1:q2MAJ8WkT9SSdSJaBgU3AEjUO9HwefX/J7JVZP/PjiQ=
github.com/monitoringartist/go-zabbix/v44 v44.0.4 h1:zBQMm+FVuedKNAasQlpwGNU1LGhSklQqZrou7b7Jm0s=
github.com/monitoringartist/go-zabbix/v44 v44.0.4/go.mod h1:q2MAJ8WkT9SSdSJaBgU3AEjUO9HwefX/J7JVZP/PjiQ=
github.com/monitoringartist/go-zabbix/v44 v44.0.5 h1:1+eodGzDrVZE3cJZFclnr+KlY+h+CT1LMWeoFQGe/Wo=
github.com/monitoringartist/go-zabbix/v44 v44.0.5/go.mod h1:q2MAJ8WkT9SSdSJaBgU3AEjUO9HwefX/J7JVZP/PjiQ=
github.com/monitoringartist/go-zabbix/v44 v44.0.6 h1:VqIy73vHLyzu4FWn7diOwkx+D9L42cWuYwfRlDBlEog=
github.com/monitoringartist/go-zabbix/v44 v44.0.6/go.mod h1:q2MAJ8WkT9SSdSJaBgU3AEjUO9HwefX/J7JVZP/PjiQ=
github.com/monitoringartist/go-zabbix/v44 v44.0.7 h1:LqrUkhiJIHg0PkMfzai9JkcGLwXZ67IVGKhqXrlwzNE=
github.com/monitoringartist/go-zabbix/v44 v44.0.7/go.mod h1:q2MAJ8WkT9SSdSJaBgU3AEjUO9HwefX/J7JVZP/PjiQ=
github.com/monitoringartist/go-zabbix/v44 v44.0.8 h1:Ia8xi5sC+fcc/oemR8LpBtoygR83r6qBfTSuZkqVvMY=
github.com/monitoringartist/go-zabbix/v44 v44.0.8/go.mod h1:q2MAJ8WkT9SSdSJaBgU3AEjUO9HwefX/J7JVZP/PjiQ=
github.com/monitoringartist/go-zabbix/v44 v44.0.9 h1:z+hWIThJtmZtlqa83T9zfzmL8ovPxvA8CIJW/55NVps=
github.com/monitoringartist/go-zabbix/v44 v44.0.9/go.mod h1:q2MAJ8WkT9SSdSJaBgU3AEjUO9HwefX/J7JVZP/PjiQ=
github.com/monitoringartist/go-zabbix/v44 v44.0.10 h1:nLAaq+4Pqb10dM9Ptb1Nb5tiC4RcnluP7Gs7DPuN8TE=
github.com/monitoringartist/go-zabbix/v44 v44.0.10/go.mod h1:q2MAJ8WkT9SSdSJaBgU3AEjUO9HwefX/J7JVZP/PjiQ=
github.com/monitoringartist/go-zabbix/v44 v44.0.11 h1:HtPLQzei4lhg52MldG42fb+i34yYTXOZSsD4lf1sf+Q=
github.com/monitoringartist/go-zabbix/v44 v44.0.11/go.mod h1:q2MAJ8WkT9SSdSJaBgU3AEjUO9HwefX/J7JVZP/PjiQ=
github.com/monitoringartist/go-zabbix/v44 v44.0.12 h1:1iCj39ch+vm7Ci/ZTGYartdmsvLckpaGKh8/Tkn9l+E=
github.com/monitoringartist/go-zabbix/v44 v44.0.12/go.mod h1:q2MAJ8WkT9SSdSJaBgU3AEjUO9HwefX/J7JVZP/PjiQ=
gopkg.in/check.v1 v0.0.0-20161208181325-20d25e280405 h1:yhCVgyC4o1eVCa2tZl7eS0r+SDo693bJlVdllGtEeKM=
gopkg.in/check.v1 v0.0.0-20161208181325-20d25e280405/go.mod h1:Co6ibVJAznAaIkqp8huTwlJQCZ016jof/cbN4VW5Yz0=
gopkg.in/yaml.v2 v2.2.4 h1:/eiJrUcujPVeJ3xlSWaiNi3uSVmDGBK1pDHUHAnao1I=
gopkg.in/yaml.v2 v2.2.4/go.mod h1:hI93XBmqTisBFMUTm0b8Fm+jr3Dg1NNxqwp+5A1VGuI=
gopkg.in/yaml.v3 v3.0.0-20191010095647-fc94e3f71652 h1:VKvJ/mQ4BgCjZUDggYFxTe0qv9jPMHsZPD4Xt91Y5H4=
gopkg.in/yaml.v3 v3.0.0-20191010095647-fc94e3f71652/go.mod h1:K4uyk7z7BCEPqu6E+C64Yfv1cQ7kz7rIZviUmN+EgEM=
